# THIS IS AN AUTOGENERATED FILE. DO NOT EDIT THIS FILE DIRECTLY.
# yarn lockfile v1


sigma@^1.2.1:
  version "1.2.1"
  resolved "https://registry.yarnpkg.com/sigma/-/sigma-1.2.1.tgz#2ebf3df2971715afe49ad0c08945c574bb6c5771"
  integrity sha512-9Z0m1pssXv6sndPMvOzXnM1mVO73YCWDE6X5bKxJyG+9J0B9zJkgtgoBM7cnxEaJMzmrbxPceKTVpwF7cS/xqA==
